
Microsoft Visual Studio Solution File, Format Version 12.00
# Visual Studio Version 17
VisualStudioVersion = 17.9.34607.119
MinimumVisualStudioVersion = 10.0.40219.1
Project("{FAE04EC0-301F-11D3-BF4B-00C04F79EFBC}") = "Test3", "Test3\Test3.csproj", "{7DDAF9E6-64ED-4872-8A56-93C669658A9C}"
EndProject
Global
	GlobalSection(SolutionConfigurationPlatforms) = preSolution
		Debug|Any CPU = Debug|Any CPU
		Release|Any CPU = Release|Any CPU
	EndGlobalSection
	GlobalSection(ProjectConfigurationPlatforms) = postSolution
		{7DDAF9E6-64ED-4872-8A56-93C669658A9C}.Debug|Any CPU.ActiveCfg = Debug|Any CPU
		{7DDAF9E6-64ED-4872-8A56-93C669658A9C}.Debug|Any CPU.Build.0 = Debug|Any CPU
		{7DDAF9E6-64ED-4872-8A56-93C669658A9C}.Debug|Any CPU.Deploy.0 = Debug|Any CPU
		{7DDAF9E6-64ED-4872-8A56-93C669658A9C}.Release|Any CPU.ActiveCfg = Release|Any CPU
		{7DDAF9E6-64ED-4872-8A56-93C669658A9C}.Release|Any CPU.Build.0 = Release|Any CPU
		{7DDAF9E6-64ED-4872-8A56-93C669658A9C}.Release|Any CPU.Deploy.0 = Release|Any CPU
	EndGlobalSection
	GlobalSection(SolutionProperties) = preSolution
		HideSolutionNode = FALSE
	EndGlobalSection
	GlobalSection(ExtensibilityGlobals) = postSolution
		SolutionGuid = {FDFE1936-BB38-4BE3-A316-B20DFB3E7162}
	EndGlobalSection
EndGlobal
